
Microsoft Visual Studio Solution File, Format Version 12.00
Project("{FAE04EC0-301F-11D3-BF4B-00C04F79EFBC}") = "BasicContent", "BasicContent\BasicContent.csproj", "{D488B3A1-F6B2-4143-BCC3-C1311628B622}"
EndProject
Global
	GlobalSection(SolutionConfigurationPlatforms) = preSolution
		Debug|Any CPU = Debug|Any CPU
		Release|Any CPU = Release|Any CPU
	EndGlobalSection
	GlobalSection(ProjectConfigurationPlatforms) = postSolution
		{D488B3A1-F6B2-4143-BCC3-C1311628B622}.Debug|Any CPU.ActiveCfg = Debug|Any CPU
		{D488B3A1-F6B2-4143-BCC3-C1311628B622}.Debug|Any CPU.Build.0 = Debug|Any CPU
		{D488B3A1-F6B2-4143-BCC3-C1311628B622}.Release|Any CPU.ActiveCfg = Release|Any CPU
		{D488B3A1-F6B2-4143-BCC3-C1311628B622}.Release|Any CPU.Build.0 = Release|Any CPU
	EndGlobalSection
EndGlobal
