
Microsoft Visual Studio Solution File, Format Version 12.00
Project("{FAE04EC0-301F-11D3-BF4B-00C04F79EFBC}") = "InterContent", "InterContent\InterContent.csproj", "{AD581FF5-20CB-43DC-8838-57604B186499}"
EndProject
Global
	GlobalSection(SolutionConfigurationPlatforms) = preSolution
		Debug|Any CPU = Debug|Any CPU
		Release|Any CPU = Release|Any CPU
	EndGlobalSection
	GlobalSection(ProjectConfigurationPlatforms) = postSolution
		{AD581FF5-20CB-43DC-8838-57604B186499}.Debug|Any CPU.ActiveCfg = Debug|Any CPU
		{AD581FF5-20CB-43DC-8838-57604B186499}.Debug|Any CPU.Build.0 = Debug|Any CPU
		{AD581FF5-20CB-43DC-8838-57604B186499}.Release|Any CPU.ActiveCfg = Release|Any CPU
		{AD581FF5-20CB-43DC-8838-57604B186499}.Release|Any CPU.Build.0 = Release|Any CPU
	EndGlobalSection
EndGlobal
